PODS:
  - Extra/Foundation (1.1.1)
  - Extra/Realm (1.1.1):
    - RealmSwift (~> 3.0)
  - Extra/UIKit (1.1.1)
  - Kingfisher (4.6.2)
  - Realm (3.5.0):
    - Realm/Headers (= 3.5.0)
  - Realm/Headers (3.5.0)
  - RealmSwift (3.5.0):
    - Realm (= 3.5.0)
  - Reusable (4.0.0):
    - Reusable/Storyboard (= 4.0.0)
    - Reusable/View (= 4.0.0)
  - Reusable/Storyboard (4.0.0)
  - Reusable/View (4.0.0)
  - SwiftDate (4.5.1)
  - SwiftGen (5.2.1)
  - SwiftLint (0.25.0)
  - SwiftyBeaver (1.5.1)
  - SwiftyUserDefaults (3.0.1)

DEPENDENCIES:
  - Extra/Foundation (~> 1.0)
  - Extra/Realm (~> 1.0)
  - Extra/UIKit (~> 1.0)
  - Kingfisher (~> 4.3)
  - RealmSwift (~> 3.0)
  - Reusable (~> 4.0.0)
  - SwiftDate (~> 4.5.1)
  - SwiftGen (~> 5.2.1)
  - SwiftLint (~> 0.25)
  - SwiftyBeaver (~> 1.5)
  - SwiftyUserDefaults (~> 3.0.0)

SPEC REPOS:
  https://github.com/CocoaPods/Specs.git:
    - Extra
    - Kingfisher
    - Realm
    - RealmSwift
    - Reusable
    - SwiftDate
    - SwiftGen
    - SwiftLint
    - SwiftyBeaver
    - SwiftyUserDefaults

SPEC CHECKSUMS:
  Extra: 7c4e5aff4904ecdadc615f63d4c2f0c20910c028
  Kingfisher: 55b9c395bf8d3949676ad3861111923990ab68cf
  Realm: 0378021c424e4e2bd6a0e63b27881e929d9b9ad1
  RealmSwift: 3322562622fda2ad596985ead4d8d8be30cf838c
  Reusable: 98e5fff1e0e2e00872199699b276dde08ee56c07
  SwiftDate: 7b56d42a221f582047287deb256b23fc5ed49a60
  SwiftGen: 444b4c467e512a4812b8a800d731643fd265139e
  SwiftLint: e14651157288e9e01d6e1a71db7014fb5744a8ea
  SwiftyBeaver: 4f74563624b2c1e821c522c54142b5dd5ebb0f30
  SwiftyUserDefaults: 3d273b1739b68ada3145dc754a70ec775bc5c8be

PODFILE CHECKSUM: b72bba8187a93fe60b74dca55c4d0fd2e44aa315

COCOAPODS: 1.5.0
