PODS:
  - Extra/Foundation (1.2.0)
  - Extra/Realm (1.2.0):
    - RealmSwift (~> 3.10)
  - Extra/UIKit (1.2.0)
  - Kingfisher (5.1.0)
  - Realm (3.13.1):
    - Realm/Headers (= 3.13.1)
  - Realm/Headers (3.13.1)
  - RealmSwift (3.13.1):
    - Realm (= 3.13.1)
  - Reusable (4.0.5):
    - Reusable/Storyboard (= 4.0.5)
    - Reusable/View (= 4.0.5)
  - Reusable/Storyboard (4.0.5)
  - Reusable/View (4.0.5)
  - SwiftDate (5.1.0)
  - SwiftGen (6.1.0)
  - SwiftLint (0.30.1)
  - SwiftyBeaver (1.6.1)
  - SwiftyUserDefaults (3.0.1)

DEPENDENCIES:
  - Extra/Foundation (~> 1.2)
  - Extra/Realm (~> 1.2)
  - Extra/UIKit (~> 1.2)
  - Kingfisher (~> 5.1)
  - RealmSwift (~> 3.13)
  - Reusable (~> 4.0.5)
  - SwiftDate (~> 5.1)
  - SwiftGen (~> 6.1)
  - SwiftLint (~> 0.30)
  - SwiftyBeaver (~> 1.6)
  - SwiftyUserDefaults (~> 3.0.0)

SPEC REPOS:
  https://github.com/cocoapods/specs.git:
    - Extra
    - Kingfisher
    - Realm
    - RealmSwift
    - Reusable
    - SwiftDate
    - SwiftGen
    - SwiftLint
    - SwiftyBeaver
    - SwiftyUserDefaults

SPEC CHECKSUMS:
  Extra: 29591a8ffff56c0152b05b857b6d5e395d5bd520
  Kingfisher: fcec238063d17404fca89bf0a850583211c4cbf6
  Realm: 50071da38fe079e0735e47c9f2eae738c68c5996
  RealmSwift: 8a1e6a02b7a08cd17a31e3115143fb69fe5f3fb9
  Reusable: 188be1a54ac0691bc66e5bb24ec6eb91971b315b
  SwiftDate: 6329e58969a2de31cea7f1ee1143b247693196e7
  SwiftGen: f872ca75cbd17bf7103c17f13dcfa0d9a15667b0
  SwiftLint: a54bf1fe12b55c68560eb2a7689dfc81458508f7
  SwiftyBeaver: ccfcdf85a04d429f1633f668650b0ce8020bda3a
  SwiftyUserDefaults: 3d273b1739b68ada3145dc754a70ec775bc5c8be

PODFILE CHECKSUM: 1643bbe22ed9603e89887092328307f87626ed19

COCOAPODS: 1.5.3
