// !$*UTF8*$!
{
	archiveVersion = 1;
	classes = {
	};
	objectVersion = 48;
	objects = {

/* Begin PBXBuildFile section */
		63777ECE204DE55700A63348 /* DetailViewController.swift in Sources */ = {isa = PBXBuildFile; fileRef = 63777EC4204DE55700A63348 /* DetailViewController.swift */; };
		63777ECF204DE55700A63348 /* AppDelegate.swift in Sources */ = {isa = PBXBuildFile; fileRef = 63777EC6204DE55700A63348 /* AppDelegate.swift */; };
		63777ED0204DE55700A63348 /* Assets.xcassets in Resources */ = {isa = PBXBuildFile; fileRef = 63777EC8204DE55700A63348 /* Assets.xcassets */; };
		63777ED1204DE55700A63348 /* LaunchScreen.storyboard in Resources */ = {isa = PBXBuildFile; fileRef = 63777EC9204DE55700A63348 /* LaunchScreen.storyboard */; };
		63777ED5204DE6D300A63348 /* Localizable.strings in Resources */ = {isa = PBXBuildFile; fileRef = 63777ED7204DE6D300A63348 /* Localizable.strings */; };
		63777EDD204DE9EA00A63348 /* Strings.swift in Sources */ = {isa = PBXBuildFile; fileRef = 63777EDC204DE9E900A63348 /* Strings.swift */; };
		63777EE0204DEA5A00A63348 /* Storyboards.swift in Sources */ = {isa = PBXBuildFile; fileRef = 63777EDE204DEA5A00A63348 /* Storyboards.swift */; };
		63777EE1204DEA5A00A63348 /* Assets.swift in Sources */ = {isa = PBXBuildFile; fileRef = 63777EDF204DEA5A00A63348 /* Assets.swift */; };
		63777EE9204DEE0600A63348 /* BootViewController.swift in Sources */ = {isa = PBXBuildFile; fileRef = 63777EE8204DEE0600A63348 /* BootViewController.swift */; };
		63777EEC204DEE8200A63348 /* ListingViewController.swift in Sources */ = {isa = PBXBuildFile; fileRef = 63777EEA204DEE8200A63348 /* ListingViewController.swift */; };
		63777EED204DEE8200A63348 /* Listing.storyboard in Resources */ = {isa = PBXBuildFile; fileRef = 63777EEB204DEE8200A63348 /* Listing.storyboard */; };
		63777EF3204DEED700A63348 /* Main.storyboard in Resources */ = {isa = PBXBuildFile; fileRef = 63777EF2204DEED700A63348 /* Main.storyboard */; };
		6393F81D204614EA00C4B07B /* CookEatTests.swift in Sources */ = {isa = PBXBuildFile; fileRef = 6393F81C204614EA00C4B07B /* CookEatTests.swift */; };
		6393F82E20461C0900C4B07B /* ActionViewController.swift in Sources */ = {isa = PBXBuildFile; fileRef = 6393F82D20461C0900C4B07B /* ActionViewController.swift */; };
		6393F83120461C0900C4B07B /* MainInterface.storyboard in Resources */ = {isa = PBXBuildFile; fileRef = 6393F82F20461C0900C4B07B /* MainInterface.storyboard */; };
		6393F83620461C0900C4B07B /* CookEat-Action-Import.appex in Embed App Extensions */ = {isa = PBXBuildFile; fileRef = 6393F82B20461C0900C4B07B /* CookEat-Action-Import.appex */; settings = {ATTRIBUTES = (RemoveHeadersOnCopy, ); }; };
		6393F83B20461D4900C4B07B /* InfoPlist.strings in Resources */ = {isa = PBXBuildFile; fileRef = 6393F83A20461D4900C4B07B /* InfoPlist.strings */; };
		F6434779A5A7F771A25FA9D1 /* Pods_AppCommon_CookEat.framework in Frameworks */ = {isa = PBXBuildFile; fileRef = 50D4F98C7A0154860CE950BC /* Pods_AppCommon_CookEat.framework */; };
/* End PBXBuildFile section */

/* Begin PBXContainerItemProxy section */
		6393F819204614EA00C4B07B /* PBXContainerItemProxy */ = {
			isa = PBXContainerItemProxy;
			containerPortal = 6393F7FA204614EA00C4B07B /* Project object */;
			proxyType = 1;
			remoteGlobalIDString = 6393F801204614EA00C4B07B;
			remoteInfo = CookEat;
		};
		6393F83320461C0900C4B07B /* PBXContainerItemProxy */ = {
			isa = PBXContainerItemProxy;
			containerPortal = 6393F7FA204614EA00C4B07B /* Project object */;
			proxyType = 1;
			remoteGlobalIDString = 6393F82A20461C0900C4B07B;
			remoteInfo = "CookEat-Action-Import";
		};
/* End PBXContainerItemProxy section */

/* Begin PBXCopyFilesBuildPhase section */
		6393F83520461C0900C4B07B /* Embed App Extensions */ = {
			isa = PBXCopyFilesBuildPhase;
			buildActionMask = 2147483647;
			dstPath = "";
			dstSubfolderSpec = 13;
			files = (
				6393F83620461C0900C4B07B /* CookEat-Action-Import.appex in Embed App Extensions */,
			);
			name = "Embed App Extensions";
			runOnlyForDeploymentPostprocessing = 0;
		};
/* End PBXCopyFilesBuildPhase section */

/* Begin PBXFileReference section */
		25E72FE2EC74C5AA0759517A /* Pods-AppCommon-CookEat.debug.xcconfig */ = {isa = PBXFileReference; includeInIndex = 1; lastKnownFileType = text.xcconfig; name = "Pods-AppCommon-CookEat.debug.xcconfig"; path = "../Pods/Target Support Files/Pods-AppCommon-CookEat/Pods-AppCommon-CookEat.debug.xcconfig"; sourceTree = "<group>"; };
		3236BD178FA8AF0639F689FC /* Pods-AppCommon-CookEat.release.xcconfig */ = {isa = PBXFileReference; includeInIndex = 1; lastKnownFileType = text.xcconfig; name = "Pods-AppCommon-CookEat.release.xcconfig"; path = "../Pods/Target Support Files/Pods-AppCommon-CookEat/Pods-AppCommon-CookEat.release.xcconfig"; sourceTree = "<group>"; };
		50D4F98C7A0154860CE950BC /* Pods_AppCommon_CookEat.framework */ = {isa = PBXFileReference; explicitFileType = wrapper.framework; includeInIndex = 0; path = Pods_AppCommon_CookEat.framework; sourceTree = BUILT_PRODUCTS_DIR; };
		63777EC4204DE55700A63348 /* DetailViewController.swift */ = {isa = PBXFileReference; fileEncoding = 4; lastKnownFileType = sourcecode.swift; path = DetailViewController.swift; sourceTree = "<group>"; };
		63777EC6204DE55700A63348 /* AppDelegate.swift */ = {isa = PBXFileReference; fileEncoding = 4; lastKnownFileType = sourcecode.swift; path = AppDelegate.swift; sourceTree = "<group>"; };
		63777EC8204DE55700A63348 /* Assets.xcassets */ = {isa = PBXFileReference; lastKnownFileType = folder.assetcatalog; path = Assets.xcassets; sourceTree = "<group>"; };
		63777ECA204DE55700A63348 /* Base */ = {isa = PBXFileReference; lastKnownFileType = file.storyboard; name = Base; path = Base.lproj/LaunchScreen.storyboard; sourceTree = "<group>"; };
		63777ED8204DE79600A63348 /* fr */ = {isa = PBXFileReference; lastKnownFileType = text.plist.strings; name = fr; path = fr.lproj/Localizable.strings; sourceTree = "<group>"; };
		63777EDB204DE85800A63348 /* Base */ = {isa = PBXFileReference; lastKnownFileType = text.plist.strings; name = Base; path = Base.lproj/Localizable.strings; sourceTree = "<group>"; };
		63777EDC204DE9E900A63348 /* Strings.swift */ = {isa = PBXFileReference; fileEncoding = 4; lastKnownFileType = sourcecode.swift; path = Strings.swift; sourceTree = "<group>"; };
		63777EDE204DEA5A00A63348 /* Storyboards.swift */ = {isa = PBXFileReference; fileEncoding = 4; lastKnownFileType = sourcecode.swift; path = Storyboards.swift; sourceTree = "<group>"; };
		63777EDF204DEA5A00A63348 /* Assets.swift */ = {isa = PBXFileReference; fileEncoding = 4; lastKnownFileType = sourcecode.swift; path = Assets.swift; sourceTree = "<group>"; };
		63777EE5204DEBAF00A63348 /* swiftlint.sh */ = {isa = PBXFileReference; lastKnownFileType = text.script.sh; path = swiftlint.sh; sourceTree = "<group>"; };
		63777EE6204DEBAF00A63348 /* swiftgen.sh */ = {isa = PBXFileReference; lastKnownFileType = text.script.sh; path = swiftgen.sh; sourceTree = "<group>"; };
		63777EE8204DEE0600A63348 /* BootViewController.swift */ = {isa = PBXFileReference; lastKnownFileType = sourcecode.swift; path = BootViewController.swift; sourceTree = "<group>"; };
		63777EEA204DEE8200A63348 /* ListingViewController.swift */ = {isa = PBXFileReference; fileEncoding = 4; lastKnownFileType = sourcecode.swift; path = ListingViewController.swift; sourceTree = "<group>"; };
		63777EEB204DEE8200A63348 /* Listing.storyboard */ = {isa = PBXFileReference; fileEncoding = 4; lastKnownFileType = file.storyboard; path = Listing.storyboard; sourceTree = "<group>"; };
		63777EF2204DEED700A63348 /* Main.storyboard */ = {isa = PBXFileReference; lastKnownFileType = file.storyboard; path = Main.storyboard; sourceTree = "<group>"; };
		6393F802204614EA00C4B07B /* CookEat.app */ = {isa = PBXFileReference; explicitFileType = wrapper.application; includeInIndex = 0; path = CookEat.app; sourceTree = BUILT_PRODUCTS_DIR; };
		6393F813204614EA00C4B07B /* Info.plist */ = {isa = PBXFileReference; lastKnownFileType = text.plist.xml; path = Info.plist; sourceTree = "<group>"; };
		6393F818204614EA00C4B07B /* CookEatTests.xctest */ = {isa = PBXFileReference; explicitFileType = wrapper.cfbundle; includeInIndex = 0; path = CookEatTests.xctest; sourceTree = BUILT_PRODUCTS_DIR; };
		6393F81C204614EA00C4B07B /* CookEatTests.swift */ = {isa = PBXFileReference; lastKnownFileType = sourcecode.swift; path = CookEatTests.swift; sourceTree = "<group>"; };
		6393F81E204614EA00C4B07B /* Info.plist */ = {isa = PBXFileReference; lastKnownFileType = text.plist.xml; path = Info.plist; sourceTree = "<group>"; };
		6393F82B20461C0900C4B07B /* CookEat-Action-Import.appex */ = {isa = PBXFileReference; explicitFileType = "wrapper.app-extension"; includeInIndex = 0; path = "CookEat-Action-Import.appex"; sourceTree = BUILT_PRODUCTS_DIR; };
		6393F82D20461C0900C4B07B /* ActionViewController.swift */ = {isa = PBXFileReference; lastKnownFileType = sourcecode.swift; path = ActionViewController.swift; sourceTree = "<group>"; };
		6393F83020461C0900C4B07B /* Base */ = {isa = PBXFileReference; lastKnownFileType = file.storyboard; name = Base; path = Base.lproj/MainInterface.storyboard; sourceTree = "<group>"; };
		6393F83220461C0900C4B07B /* Info.plist */ = {isa = PBXFileReference; lastKnownFileType = text.plist.xml; path = Info.plist; sourceTree = "<group>"; };
		6393F83A20461D4900C4B07B /* InfoPlist.strings */ = {isa = PBXFileReference; lastKnownFileType = text.plist.strings; path = InfoPlist.strings; sourceTree = "<group>"; };
/* End PBXFileReference section */

/* Begin PBXFrameworksBuildPhase section */
		6393F7FF204614EA00C4B07B /* Frameworks */ = {
			isa = PBXFrameworksBuildPhase;
			buildActionMask = 2147483647;
			files = (
				F6434779A5A7F771A25FA9D1 /* Pods_AppCommon_CookEat.framework in Frameworks */,
			);
			runOnlyForDeploymentPostprocessing = 0;
		};
		6393F815204614EA00C4B07B /* Frameworks */ = {
			isa = PBXFrameworksBuildPhase;
			buildActionMask = 2147483647;
			files = (
			);
			runOnlyForDeploymentPostprocessing = 0;
		};
		6393F82820461C0900C4B07B /* Frameworks */ = {
			isa = PBXFrameworksBuildPhase;
			buildActionMask = 2147483647;
			files = (
			);
			runOnlyForDeploymentPostprocessing = 0;
		};
/* End PBXFrameworksBuildPhase section */

/* Begin PBXGroup section */
		52B49496E557137E8EEDD004 /* Frameworks */ = {
			isa = PBXGroup;
			children = (
				50D4F98C7A0154860CE950BC /* Pods_AppCommon_CookEat.framework */,
			);
			name = Frameworks;
			sourceTree = "<group>";
		};
		63777EBE204DE55700A63348 /* Code */ = {
			isa = PBXGroup;
			children = (
				63777EC5204DE55700A63348 /* AppDelegate */,
				63777EBF204DE55700A63348 /* Config */,
				63777ED9204DE7C200A63348 /* Constants */,
				63777EC0204DE55700A63348 /* ViewControllers */,
			);
			path = Code;
			sourceTree = "<group>";
		};
		63777EBF204DE55700A63348 /* Config */ = {
			isa = PBXGroup;
			children = (
			);
			path = Config;
			sourceTree = "<group>";
		};
		63777EC0204DE55700A63348 /* ViewControllers */ = {
			isa = PBXGroup;
			children = (
				63777EF2204DEED700A63348 /* Main.storyboard */,
				63777EE8204DEE0600A63348 /* BootViewController.swift */,
				63777EC1204DE55700A63348 /* Listing */,
				63777EC3204DE55700A63348 /* Details */,
			);
			path = ViewControllers;
			sourceTree = "<group>";
		};
		63777EC1204DE55700A63348 /* Listing */ = {
			isa = PBXGroup;
			children = (
				63777EEB204DEE8200A63348 /* Listing.storyboard */,
				63777EEA204DEE8200A63348 /* ListingViewController.swift */,
			);
			path = Listing;
			sourceTree = "<group>";
		};
		63777EC3204DE55700A63348 /* Details */ = {
			isa = PBXGroup;
			children = (
				63777EC4204DE55700A63348 /* DetailViewController.swift */,
			);
			path = Details;
			sourceTree = "<group>";
		};
		63777EC5204DE55700A63348 /* AppDelegate */ = {
			isa = PBXGroup;
			children = (
				63777EC6204DE55700A63348 /* AppDelegate.swift */,
			);
			path = AppDelegate;
			sourceTree = "<group>";
		};
		63777EC7204DE55700A63348 /* Resources */ = {
			isa = PBXGroup;
			children = (
				63777EC8204DE55700A63348 /* Assets.xcassets */,
				63777EC9204DE55700A63348 /* LaunchScreen.storyboard */,
				63777ED7204DE6D300A63348 /* Localizable.strings */,
			);
			path = Resources;
			sourceTree = "<group>";
		};
		63777ED9204DE7C200A63348 /* Constants */ = {
			isa = PBXGroup;
			children = (
				63777EDC204DE9E900A63348 /* Strings.swift */,
				63777EDF204DEA5A00A63348 /* Assets.swift */,
				63777EDE204DEA5A00A63348 /* Storyboards.swift */,
			);
			path = Constants;
			sourceTree = "<group>";
		};
		63777EE2204DEB8600A63348 /* Scripts */ = {
			isa = PBXGroup;
			children = (
				63777EE6204DEBAF00A63348 /* swiftgen.sh */,
				63777EE5204DEBAF00A63348 /* swiftlint.sh */,
			);
			path = Scripts;
			sourceTree = "<group>";
		};
		6393F7F9204614EA00C4B07B = {
			isa = PBXGroup;
			children = (
				6393F804204614EA00C4B07B /* CookEat */,
				6393F81B204614EA00C4B07B /* CookEatTests */,
				6393F82C20461C0900C4B07B /* CookEat-Action-Import */,
				63777EE2204DEB8600A63348 /* Scripts */,
				6393F803204614EA00C4B07B /* Products */,
				BAFAF7B47D22433AEBBD7832 /* Pods */,
				52B49496E557137E8EEDD004 /* Frameworks */,
			);
			sourceTree = "<group>";
		};
		6393F803204614EA00C4B07B /* Products */ = {
			isa = PBXGroup;
			children = (
				6393F802204614EA00C4B07B /* CookEat.app */,
				6393F818204614EA00C4B07B /* CookEatTests.xctest */,
				6393F82B20461C0900C4B07B /* CookEat-Action-Import.appex */,
			);
			name = Products;
			sourceTree = "<group>";
		};
		6393F804204614EA00C4B07B /* CookEat */ = {
			isa = PBXGroup;
			children = (
				63777EBE204DE55700A63348 /* Code */,
				63777EC7204DE55700A63348 /* Resources */,
				6393F813204614EA00C4B07B /* Info.plist */,
			);
			path = CookEat;
			sourceTree = "<group>";
		};
		6393F81B204614EA00C4B07B /* CookEatTests */ = {
			isa = PBXGroup;
			children = (
				6393F81C204614EA00C4B07B /* CookEatTests.swift */,
				6393F81E204614EA00C4B07B /* Info.plist */,
			);
			path = CookEatTests;
			sourceTree = "<group>";
		};
		6393F82C20461C0900C4B07B /* CookEat-Action-Import */ = {
			isa = PBXGroup;
			children = (
				6393F82D20461C0900C4B07B /* ActionViewController.swift */,
				6393F82F20461C0900C4B07B /* MainInterface.storyboard */,
				6393F83220461C0900C4B07B /* Info.plist */,
				6393F83A20461D4900C4B07B /* InfoPlist.strings */,
			);
			path = "CookEat-Action-Import";
			sourceTree = "<group>";
		};
		BAFAF7B47D22433AEBBD7832 /* Pods */ = {
			isa = PBXGroup;
			children = (
				25E72FE2EC74C5AA0759517A /* Pods-AppCommon-CookEat.debug.xcconfig */,
				3236BD178FA8AF0639F689FC /* Pods-AppCommon-CookEat.release.xcconfig */,
			);
			name = Pods;
			sourceTree = "<group>";
		};
/* End PBXGroup section */

/* Begin PBXNativeTarget section */
		6393F801204614EA00C4B07B /* CookEat */ = {
			isa = PBXNativeTarget;
			buildConfigurationList = 6393F821204614EA00C4B07B /* Build configuration list for PBXNativeTarget "CookEat" */;
			buildPhases = (
				FC4B0B021530E37AE8ACC417 /* [CP] Check Pods Manifest.lock */,
				63777EDA204DE82100A63348 /* 🛠 SwiftGen */,
				63777EE7204DEBE900A63348 /* ⚠️ SwiftLint */,
				6393F7FE204614EA00C4B07B /* Sources */,
				6393F7FF204614EA00C4B07B /* Frameworks */,
				6393F800204614EA00C4B07B /* Resources */,
				C02A510DE05BED07E5490ED8 /* [CP] Embed Pods Frameworks */,
				45152D2A4243099BCACDF074 /* [CP] Copy Pods Resources */,
				6393F83520461C0900C4B07B /* Embed App Extensions */,
			);
			buildRules = (
			);
			dependencies = (
				6393F83420461C0900C4B07B /* PBXTargetDependency */,
			);
			name = CookEat;
			productName = CookEat;
			productReference = 6393F802204614EA00C4B07B /* CookEat.app */;
			productType = "com.apple.product-type.application";
		};
		6393F817204614EA00C4B07B /* CookEatTests */ = {
			isa = PBXNativeTarget;
			buildConfigurationList = 6393F824204614EA00C4B07B /* Build configuration list for PBXNativeTarget "CookEatTests" */;
			buildPhases = (
				6393F814204614EA00C4B07B /* Sources */,
				6393F815204614EA00C4B07B /* Frameworks */,
				6393F816204614EA00C4B07B /* Resources */,
			);
			buildRules = (
			);
			dependencies = (
				6393F81A204614EA00C4B07B /* PBXTargetDependency */,
			);
			name = CookEatTests;
			productName = CookEatTests;
			productReference = 6393F818204614EA00C4B07B /* CookEatTests.xctest */;
			productType = "com.apple.product-type.bundle.unit-test";
		};
		6393F82A20461C0900C4B07B /* CookEat-Action-Import */ = {
			isa = PBXNativeTarget;
			buildConfigurationList = 6393F83920461C0900C4B07B /* Build configuration list for PBXNativeTarget "CookEat-Action-Import" */;
			buildPhases = (
				6393F82720461C0900C4B07B /* Sources */,
				6393F82820461C0900C4B07B /* Frameworks */,
				6393F82920461C0900C4B07B /* Resources */,
			);
			buildRules = (
			);
			dependencies = (
			);
			name = "CookEat-Action-Import";
			productName = "CookEat-Action-Import";
			productReference = 6393F82B20461C0900C4B07B /* CookEat-Action-Import.appex */;
			productType = "com.apple.product-type.app-extension";
		};
/* End PBXNativeTarget section */

/* Begin PBXProject section */
		6393F7FA204614EA00C4B07B /* Project object */ = {
			isa = PBXProject;
			attributes = {
				LastSwiftUpdateCheck = 0920;
				LastUpgradeCheck = 0920;
				ORGANIZATIONNAME = Harpp;
				TargetAttributes = {
					6393F801204614EA00C4B07B = {
						CreatedOnToolsVersion = 9.2;
						ProvisioningStyle = Automatic;
					};
					6393F817204614EA00C4B07B = {
						CreatedOnToolsVersion = 9.2;
						ProvisioningStyle = Automatic;
						TestTargetID = 6393F801204614EA00C4B07B;
					};
					6393F82A20461C0900C4B07B = {
						CreatedOnToolsVersion = 9.2;
						ProvisioningStyle = Automatic;
					};
				};
			};
			buildConfigurationList = 6393F7FD204614EA00C4B07B /* Build configuration list for PBXProject "CookEat" */;
			compatibilityVersion = "Xcode 8.0";
			developmentRegion = en;
			hasScannedForEncodings = 0;
			knownRegions = (
				en,
				Base,
				fr,
			);
			mainGroup = 6393F7F9204614EA00C4B07B;
			productRefGroup = 6393F803204614EA00C4B07B /* Products */;
			projectDirPath = "";
			projectRoot = "";
			targets = (
				6393F801204614EA00C4B07B /* CookEat */,
				6393F817204614EA00C4B07B /* CookEatTests */,
				6393F82A20461C0900C4B07B /* CookEat-Action-Import */,
			);
		};
/* End PBXProject section */

/* Begin PBXResourcesBuildPhase section */
		6393F800204614EA00C4B07B /* Resources */ = {
			isa = PBXResourcesBuildPhase;
			buildActionMask = 2147483647;
			files = (
				63777ED5204DE6D300A63348 /* Localizable.strings in Resources */,
				63777EF3204DEED700A63348 /* Main.storyboard in Resources */,
				63777ED0204DE55700A63348 /* Assets.xcassets in Resources */,
				63777ED1204DE55700A63348 /* LaunchScreen.storyboard in Resources */,
				63777EED204DEE8200A63348 /* Listing.storyboard in Resources */,
			);
			runOnlyForDeploymentPostprocessing = 0;
		};
		6393F816204614EA00C4B07B /* Resources */ = {
			isa = PBXResourcesBuildPhase;
			buildActionMask = 2147483647;
			files = (
			);
			runOnlyForDeploymentPostprocessing = 0;
		};
		6393F82920461C0900C4B07B /* Resources */ = {
			isa = PBXResourcesBuildPhase;
			buildActionMask = 2147483647;
			files = (
				6393F83120461C0900C4B07B /* MainInterface.storyboard in Resources */,
				6393F83B20461D4900C4B07B /* InfoPlist.strings in Resources */,
			);
			runOnlyForDeploymentPostprocessing = 0;
		};
/* End PBXResourcesBuildPhase section */

/* Begin PBXShellScriptBuildPhase section */
		45152D2A4243099BCACDF074 /* [CP] Copy Pods Resources */ = {
			isa = PBXShellScriptBuildPhase;
			buildActionMask = 2147483647;
			files = (
			);
			inputPaths = (
			);
			name = "[CP] Copy Pods Resources";
			outputPaths = (
			);
			runOnlyForDeploymentPostprocessing = 0;
			shellPath = /bin/sh;
			shellScript = "\"${SRCROOT}/../Pods/Target Support Files/Pods-AppCommon-CookEat/Pods-AppCommon-CookEat-resources.sh\"\n";
			showEnvVarsInLog = 0;
		};
		63777EDA204DE82100A63348 /* 🛠 SwiftGen */ = {
			isa = PBXShellScriptBuildPhase;
			buildActionMask = 2147483647;
			files = (
			);
			inputPaths = (
			);
			name = "🛠 SwiftGen";
			outputPaths = (
			);
			runOnlyForDeploymentPostprocessing = 0;
			shellPath = /bin/sh;
			shellScript = "\"$PROJECT_DIR/Scripts/swiftgen.sh\"";
		};
		63777EE7204DEBE900A63348 /* ⚠️ SwiftLint */ = {
			isa = PBXShellScriptBuildPhase;
			buildActionMask = 2147483647;
			files = (
			);
			inputPaths = (
			);
			name = "⚠️ SwiftLint";
			outputPaths = (
			);
			runOnlyForDeploymentPostprocessing = 0;
			shellPath = /bin/sh;
			shellScript = "\"$PROJECT_DIR/Scripts/swiftlint.sh\"";
		};
		C02A510DE05BED07E5490ED8 /* [CP] Embed Pods Frameworks */ = {
			isa = PBXShellScriptBuildPhase;
			buildActionMask = 2147483647;
			files = (
			);
			inputPaths = (
				"${SRCROOT}/../Pods/Target Support Files/Pods-AppCommon-CookEat/Pods-AppCommon-CookEat-frameworks.sh",
				"${BUILT_PRODUCTS_DIR}/Extra/Extra.framework",
				"${BUILT_PRODUCTS_DIR}/Kingfisher/Kingfisher.framework",
				"${BUILT_PRODUCTS_DIR}/Realm/Realm.framework",
				"${BUILT_PRODUCTS_DIR}/RealmSwift/RealmSwift.framework",
				"${BUILT_PRODUCTS_DIR}/Reusable/Reusable.framework",
				"${BUILT_PRODUCTS_DIR}/RxCocoa/RxCocoa.framework",
				"${BUILT_PRODUCTS_DIR}/RxRealm/RxRealm.framework",
				"${BUILT_PRODUCTS_DIR}/RxSwift/RxSwift.framework",
				"${BUILT_PRODUCTS_DIR}/SwiftSoup/SwiftSoup.framework",
				"${BUILT_PRODUCTS_DIR}/SwiftyBeaver/SwiftyBeaver.framework",
				"${BUILT_PRODUCTS_DIR}/SwiftyUserDefaults/SwiftyUserDefaults.framework",
			);
			name = "[CP] Embed Pods Frameworks";
			outputPaths = (
				"${TARGET_BUILD_DIR}/${FRAMEWORKS_FOLDER_PATH}/Extra.framework",
				"${TARGET_BUILD_DIR}/${FRAMEWORKS_FOLDER_PATH}/Kingfisher.framework",
				"${TARGET_BUILD_DIR}/${FRAMEWORKS_FOLDER_PATH}/Realm.framework",
				"${TARGET_BUILD_DIR}/${FRAMEWORKS_FOLDER_PATH}/RealmSwift.framework",
				"${TARGET_BUILD_DIR}/${FRAMEWORKS_FOLDER_PATH}/Reusable.framework",
				"${TARGET_BUILD_DIR}/${FRAMEWORKS_FOLDER_PATH}/RxCocoa.framework",
				"${TARGET_BUILD_DIR}/${FRAMEWORKS_FOLDER_PATH}/RxRealm.framework",
				"${TARGET_BUILD_DIR}/${FRAMEWORKS_FOLDER_PATH}/RxSwift.framework",
				"${TARGET_BUILD_DIR}/${FRAMEWORKS_FOLDER_PATH}/SwiftSoup.framework",
				"${TARGET_BUILD_DIR}/${FRAMEWORKS_FOLDER_PATH}/SwiftyBeaver.framework",
				"${TARGET_BUILD_DIR}/${FRAMEWORKS_FOLDER_PATH}/SwiftyUserDefaults.framework",
			);
			runOnlyForDeploymentPostprocessing = 0;
			shellPath = /bin/sh;
			shellScript = "\"${SRCROOT}/../Pods/Target Support Files/Pods-AppCommon-CookEat/Pods-AppCommon-CookEat-frameworks.sh\"\n";
			showEnvVarsInLog = 0;
		};
		FC4B0B021530E37AE8ACC417 /* [CP] Check Pods Manifest.lock */ = {
			isa = PBXShellScriptBuildPhase;
			buildActionMask = 2147483647;
			files = (
			);
			inputPaths = (
				"${PODS_PODFILE_DIR_PATH}/Podfile.lock",
				"${PODS_ROOT}/Manifest.lock",
			);
			name = "[CP] Check Pods Manifest.lock";
			outputPaths = (
				"$(DERIVED_FILE_DIR)/Pods-AppCommon-CookEat-checkManifestLockResult.txt",
			);
			runOnlyForDeploymentPostprocessing = 0;
			shellPath = /bin/sh;
			shellScript = "diff \"${PODS_PODFILE_DIR_PATH}/Podfile.lock\" \"${PODS_ROOT}/Manifest.lock\" > /dev/null\nif [ $? != 0 ] ; then\n    # print error to STDERR\n    echo \"error: The sandbox is not in sync with the Podfile.lock. Run 'pod install' or update your CocoaPods installation.\" >&2\n    exit 1\nfi\n# This output is used by Xcode 'outputs' to avoid re-running this script phase.\necho \"SUCCESS\" > \"${SCRIPT_OUTPUT_FILE_0}\"\n";
			showEnvVarsInLog = 0;
		};
/* End PBXShellScriptBuildPhase section */

/* Begin PBXSourcesBuildPhase section */
		6393F7FE204614EA00C4B07B /* Sources */ = {
			isa = PBXSourcesBuildPhase;
			buildActionMask = 2147483647;
			files = (
				63777ECF204DE55700A63348 /* AppDelegate.swift in Sources */,
				63777EE9204DEE0600A63348 /* BootViewController.swift in Sources */,
				63777EE0204DEA5A00A63348 /* Storyboards.swift in Sources */,
				63777EE1204DEA5A00A63348 /* Assets.swift in Sources */,
				63777EEC204DEE8200A63348 /* ListingViewController.swift in Sources */,
				63777EDD204DE9EA00A63348 /* Strings.swift in Sources */,
				63777ECE204DE55700A63348 /* DetailViewController.swift in Sources */,
			);
			runOnlyForDeploymentPostprocessing = 0;
		};
		6393F814204614EA00C4B07B /* Sources */ = {
			isa = PBXSourcesBuildPhase;
			buildActionMask = 2147483647;
			files = (
				6393F81D204614EA00C4B07B /* CookEatTests.swift in Sources */,
			);
			runOnlyForDeploymentPostprocessing = 0;
		};
		6393F82720461C0900C4B07B /* Sources */ = {
			isa = PBXSourcesBuildPhase;
			buildActionMask = 2147483647;
			files = (
				6393F82E20461C0900C4B07B /* ActionViewController.swift in Sources */,
			);
			runOnlyForDeploymentPostprocessing = 0;
		};
/* End PBXSourcesBuildPhase section */

/* Begin PBXTargetDependency section */
		6393F81A204614EA00C4B07B /* PBXTargetDependency */ = {
			isa = PBXTargetDependency;
			target = 6393F801204614EA00C4B07B /* CookEat */;
			targetProxy = 6393F819204614EA00C4B07B /* PBXContainerItemProxy */;
		};
		6393F83420461C0900C4B07B /* PBXTargetDependency */ = {
			isa = PBXTargetDependency;
			target = 6393F82A20461C0900C4B07B /* CookEat-Action-Import */;
			targetProxy = 6393F83320461C0900C4B07B /* PBXContainerItemProxy */;
		};
/* End PBXTargetDependency section */

/* Begin PBXVariantGroup section */
		63777EC9204DE55700A63348 /* LaunchScreen.storyboard */ = {
			isa = PBXVariantGroup;
			children = (
				63777ECA204DE55700A63348 /* Base */,
			);
			name = LaunchScreen.storyboard;
			sourceTree = "<group>";
		};
		63777ED7204DE6D300A63348 /* Localizable.strings */ = {
			isa = PBXVariantGroup;
			children = (
				63777ED8204DE79600A63348 /* fr */,
				63777EDB204DE85800A63348 /* Base */,
			);
			name = Localizable.strings;
			sourceTree = "<group>";
		};
		6393F82F20461C0900C4B07B /* MainInterface.storyboard */ = {
			isa = PBXVariantGroup;
			children = (
				6393F83020461C0900C4B07B /* Base */,
			);
			name = MainInterface.storyboard;
			sourceTree = "<group>";
		};
/* End PBXVariantGroup section */

/* Begin XCBuildConfiguration section */
		6393F81F204614EA00C4B07B /* Debug */ = {
			isa = XCBuildConfiguration;
			buildSettings = {
				ALWAYS_SEARCH_USER_PATHS = NO;
				CLANG_ANALYZER_LOCALIZABILITY_NONLOCALIZED = YES;
				CLANG_ANALYZER_NONNULL = YES;
				CLANG_ANALYZER_NUMBER_OBJECT_CONVERSION = YES_AGGRESSIVE;
				CLANG_CXX_LANGUAGE_STANDARD = "gnu++14";
				CLANG_CXX_LIBRARY = "libc++";
				CLANG_ENABLE_MODULES = YES;
				CLANG_ENABLE_OBJC_ARC = YES;
				CLANG_WARN_BLOCK_CAPTURE_AUTORELEASING = YES;
				CLANG_WARN_BOOL_CONVERSION = YES;
				CLANG_WARN_COMMA = YES;
				CLANG_WARN_CONSTANT_CONVERSION = YES;
				CLANG_WARN_DIRECT_OBJC_ISA_USAGE = YES_ERROR;
				CLANG_WARN_DOCUMENTATION_COMMENTS = YES;
				CLANG_WARN_EMPTY_BODY = YES;
				CLANG_WARN_ENUM_CONVERSION = YES;
				CLANG_WARN_INFINITE_RECURSION = YES;
				CLANG_WARN_INT_CONVERSION = YES;
				CLANG_WARN_NON_LITERAL_NULL_CONVERSION = YES;
				CLANG_WARN_OBJC_LITERAL_CONVERSION = YES;
				CLANG_WARN_OBJC_ROOT_CLASS = YES_ERROR;
				CLANG_WARN_RANGE_LOOP_ANALYSIS = YES;
				CLANG_WARN_STRICT_PROTOTYPES = YES;
				CLANG_WARN_SUSPICIOUS_MOVE = YES;
				CLANG_WARN_UNGUARDED_AVAILABILITY = YES_AGGRESSIVE;
				CLANG_WARN_UNREACHABLE_CODE = YES;
				CLANG_WARN__DUPLICATE_METHOD_MATCH = YES;
				CODE_SIGN_IDENTITY = "iPhone Developer";
				COPY_PHASE_STRIP = NO;
				DEBUG_INFORMATION_FORMAT = dwarf;
				ENABLE_STRICT_OBJC_MSGSEND = YES;
				ENABLE_TESTABILITY = YES;
				GCC_C_LANGUAGE_STANDARD = gnu11;
				GCC_DYNAMIC_NO_PIC = NO;
				GCC_NO_COMMON_BLOCKS = YES;
				GCC_OPTIMIZATION_LEVEL = 0;
				GCC_PREPROCESSOR_DEFINITIONS = (
					"DEBUG=1",
					"$(inherited)",
				);
				GCC_WARN_64_TO_32_BIT_CONVERSION = YES;
				GCC_WARN_ABOUT_RETURN_TYPE = YES_ERROR;
				GCC_WARN_UNDECLARED_SELECTOR = YES;
				GCC_WARN_UNINITIALIZED_AUTOS = YES_AGGRESSIVE;
				GCC_WARN_UNUSED_FUNCTION = YES;
				GCC_WARN_UNUSED_VARIABLE = YES;
				IPHONEOS_DEPLOYMENT_TARGET = 10.3;
				MTL_ENABLE_DEBUG_INFO = YES;
				ONLY_ACTIVE_ARCH = YES;
				SDKROOT = iphoneos;
				SWIFT_ACTIVE_COMPILATION_CONDITIONS = DEBUG;
				SWIFT_OPTIMIZATION_LEVEL = "-Onone";
			};
			name = Debug;
		};
		6393F820204614EA00C4B07B /* Release */ = {
			isa = XCBuildConfiguration;
			buildSettings = {
				ALWAYS_SEARCH_USER_PATHS = NO;
				CLANG_ANALYZER_LOCALIZABILITY_NONLOCALIZED = YES;
				CLANG_ANALYZER_NONNULL = YES;
				CLANG_ANALYZER_NUMBER_OBJECT_CONVERSION = YES_AGGRESSIVE;
				CLANG_CXX_LANGUAGE_STANDARD = "gnu++14";
				CLANG_CXX_LIBRARY = "libc++";
				CLANG_ENABLE_MODULES = YES;
				CLANG_ENABLE_OBJC_ARC = YES;
				CLANG_WARN_BLOCK_CAPTURE_AUTORELEASING = YES;
				CLANG_WARN_BOOL_CONVERSION = YES;
				CLANG_WARN_COMMA = YES;
				CLANG_WARN_CONSTANT_CONVERSION = YES;
				CLANG_WARN_DIRECT_OBJC_ISA_USAGE = YES_ERROR;
				CLANG_WARN_DOCUMENTATION_COMMENTS = YES;
				CLANG_WARN_EMPTY_BODY = YES;
				CLANG_WARN_ENUM_CONVERSION = YES;
				CLANG_WARN_INFINITE_RECURSION = YES;
				CLANG_WARN_INT_CONVERSION = YES;
				CLANG_WARN_NON_LITERAL_NULL_CONVERSION = YES;
				CLANG_WARN_OBJC_LITERAL_CONVERSION = YES;
				CLANG_WARN_OBJC_ROOT_CLASS = YES_ERROR;
				CLANG_WARN_RANGE_LOOP_ANALYSIS = YES;
				CLANG_WARN_STRICT_PROTOTYPES = YES;
				CLANG_WARN_SUSPICIOUS_MOVE = YES;
				CLANG_WARN_UNGUARDED_AVAILABILITY = YES_AGGRESSIVE;
				CLANG_WARN_UNREACHABLE_CODE = YES;
				CLANG_WARN__DUPLICATE_METHOD_MATCH = YES;
				CODE_SIGN_IDENTITY = "iPhone Developer";
				COPY_PHASE_STRIP = NO;
				DEBUG_INFORMATION_FORMAT = "dwarf-with-dsym";
				ENABLE_NS_ASSERTIONS = NO;
				ENABLE_STRICT_OBJC_MSGSEND = YES;
				GCC_C_LANGUAGE_STANDARD = gnu11;
				GCC_NO_COMMON_BLOCKS = YES;
				GCC_WARN_64_TO_32_BIT_CONVERSION = YES;
				GCC_WARN_ABOUT_RETURN_TYPE = YES_ERROR;
				GCC_WARN_UNDECLARED_SELECTOR = YES;
				GCC_WARN_UNINITIALIZED_AUTOS = YES_AGGRESSIVE;
				GCC_WARN_UNUSED_FUNCTION = YES;
				GCC_WARN_UNUSED_VARIABLE = YES;
				IPHONEOS_DEPLOYMENT_TARGET = 10.3;
				MTL_ENABLE_DEBUG_INFO = NO;
				SDKROOT = iphoneos;
				SWIFT_OPTIMIZATION_LEVEL = "-Owholemodule";
				VALIDATE_PRODUCT = YES;
			};
			name = Release;
		};
		6393F822204614EA00C4B07B /* Debug */ = {
			isa = XCBuildConfiguration;
			baseConfigurationReference = 25E72FE2EC74C5AA0759517A /* Pods-AppCommon-CookEat.debug.xcconfig */;
			buildSettings = {
				ALWAYS_EMBED_SWIFT_STANDARD_LIBRARIES = YES;
				ASSETCATALOG_COMPILER_APPICON_NAME = AppIcon;
				CODE_SIGN_STYLE = Automatic;
				DEVELOPMENT_TEAM = P59DKH4EDQ;
				INFOPLIST_FILE = CookEat/Info.plist;
				LD_RUNPATH_SEARCH_PATHS = "$(inherited) @executable_path/Frameworks";
				PRODUCT_BUNDLE_IDENTIFIER = io.harpp.CookEat;
				PRODUCT_NAME = "$(TARGET_NAME)";
				SWIFT_VERSION = 4.0;
				TARGETED_DEVICE_FAMILY = "1,2";
			};
			name = Debug;
		};
		6393F823204614EA00C4B07B /* Release */ = {
			isa = XCBuildConfiguration;
			baseConfigurationReference = 3236BD178FA8AF0639F689FC /* Pods-AppCommon-CookEat.release.xcconfig */;
			buildSettings = {
				ALWAYS_EMBED_SWIFT_STANDARD_LIBRARIES = YES;
				ASSETCATALOG_COMPILER_APPICON_NAME = AppIcon;
				CODE_SIGN_STYLE = Automatic;
				DEVELOPMENT_TEAM = P59DKH4EDQ;
				INFOPLIST_FILE = CookEat/Info.plist;
				LD_RUNPATH_SEARCH_PATHS = "$(inherited) @executable_path/Frameworks";
				PRODUCT_BUNDLE_IDENTIFIER = io.harpp.CookEat;
				PRODUCT_NAME = "$(TARGET_NAME)";
				SWIFT_VERSION = 4.0;
				TARGETED_DEVICE_FAMILY = "1,2";
			};
			name = Release;
		};
		6393F825204614EA00C4B07B /* Debug */ = {
			isa = XCBuildConfiguration;
			buildSettings = {
				ALWAYS_EMBED_SWIFT_STANDARD_LIBRARIES = YES;
				BUNDLE_LOADER = "$(TEST_HOST)";
				CODE_SIGN_STYLE = Automatic;
				DEVELOPMENT_TEAM = P59DKH4EDQ;
				INFOPLIST_FILE = CookEatTests/Info.plist;
				LD_RUNPATH_SEARCH_PATHS = "$(inherited) @executable_path/Frameworks @loader_path/Frameworks";
				PRODUCT_BUNDLE_IDENTIFIER = io.harpp.CookEatTests;
				PRODUCT_NAME = "$(TARGET_NAME)";
				SWIFT_VERSION = 4.0;
				TARGETED_DEVICE_FAMILY = "1,2";
				TEST_HOST = "$(BUILT_PRODUCTS_DIR)/CookEat.app/CookEat";
			};
			name = Debug;
		};
		6393F826204614EA00C4B07B /* Release */ = {
			isa = XCBuildConfiguration;
			buildSettings = {
				ALWAYS_EMBED_SWIFT_STANDARD_LIBRARIES = YES;
				BUNDLE_LOADER = "$(TEST_HOST)";
				CODE_SIGN_STYLE = Automatic;
				DEVELOPMENT_TEAM = P59DKH4EDQ;
				INFOPLIST_FILE = CookEatTests/Info.plist;
				LD_RUNPATH_SEARCH_PATHS = "$(inherited) @executable_path/Frameworks @loader_path/Frameworks";
				PRODUCT_BUNDLE_IDENTIFIER = io.harpp.CookEatTests;
				PRODUCT_NAME = "$(TARGET_NAME)";
				SWIFT_VERSION = 4.0;
				TARGETED_DEVICE_FAMILY = "1,2";
				TEST_HOST = "$(BUILT_PRODUCTS_DIR)/CookEat.app/CookEat";
			};
			name = Release;
		};
		6393F83720461C0900C4B07B /* Debug */ = {
			isa = XCBuildConfiguration;
			buildSettings = {
				CODE_SIGN_STYLE = Automatic;
				DEVELOPMENT_TEAM = P59DKH4EDQ;
				INFOPLIST_FILE = "CookEat-Action-Import/Info.plist";
				LD_RUNPATH_SEARCH_PATHS = "$(inherited) @executable_path/Frameworks @executable_path/../../Frameworks";
				PRODUCT_BUNDLE_IDENTIFIER = "io.harpp.CookEat.CookEat-Action-Import";
				PRODUCT_NAME = "$(TARGET_NAME)";
				SKIP_INSTALL = YES;
				SWIFT_VERSION = 4.0;
				TARGETED_DEVICE_FAMILY = "1,2";
			};
			name = Debug;
		};
		6393F83820461C0900C4B07B /* Release */ = {
			isa = XCBuildConfiguration;
			buildSettings = {
				CODE_SIGN_STYLE = Automatic;
				DEVELOPMENT_TEAM = P59DKH4EDQ;
				INFOPLIST_FILE = "CookEat-Action-Import/Info.plist";
				LD_RUNPATH_SEARCH_PATHS = "$(inherited) @executable_path/Frameworks @executable_path/../../Frameworks";
				PRODUCT_BUNDLE_IDENTIFIER = "io.harpp.CookEat.CookEat-Action-Import";
				PRODUCT_NAME = "$(TARGET_NAME)";
				SKIP_INSTALL = YES;
				SWIFT_VERSION = 4.0;
				TARGETED_DEVICE_FAMILY = "1,2";
			};
			name = Release;
		};
/* End XCBuildConfiguration section */

/* Begin XCConfigurationList section */
		6393F7FD204614EA00C4B07B /* Build configuration list for PBXProject "CookEat" */ = {
			isa = XCConfigurationList;
			buildConfigurations = (
				6393F81F204614EA00C4B07B /* Debug */,
				6393F820204614EA00C4B07B /* Release */,
			);
			defaultConfigurationIsVisible = 0;
			defaultConfigurationName = Release;
		};
		6393F821204614EA00C4B07B /* Build configuration list for PBXNativeTarget "CookEat" */ = {
			isa = XCConfigurationList;
			buildConfigurations = (
				6393F822204614EA00C4B07B /* Debug */,
				6393F823204614EA00C4B07B /* Release */,
			);
			defaultConfigurationIsVisible = 0;
			defaultConfigurationName = Release;
		};
		6393F824204614EA00C4B07B /* Build configuration list for PBXNativeTarget "CookEatTests" */ = {
			isa = XCConfigurationList;
			buildConfigurations = (
				6393F825204614EA00C4B07B /* Debug */,
				6393F826204614EA00C4B07B /* Release */,
			);
			defaultConfigurationIsVisible = 0;
			defaultConfigurationName = Release;
		};
		6393F83920461C0900C4B07B /* Build configuration list for PBXNativeTarget "CookEat-Action-Import" */ = {
			isa = XCConfigurationList;
			buildConfigurations = (
				6393F83720461C0900C4B07B /* Debug */,
				6393F83820461C0900C4B07B /* Release */,
			);
			defaultConfigurationIsVisible = 0;
			defaultConfigurationName = Release;
		};
/* End XCConfigurationList section */
	};
	rootObject = 6393F7FA204614EA00C4B07B /* Project object */;
}
